
Microsoft Visual Studio Solution File, Format Version 12.00
# Visual Studio Version 17
VisualStudioVersion = 17.14.36212.18 d17.14
MinimumVisualStudioVersion = 10.0.40219.1
Project("{FAE04EC0-301F-11D3-BF4B-00C04F79EFBC}") = "Szamologep", "Szamologep\Szamologep.csproj", "{B960F54A-EB0A-4F70-9CD5-996DDC9CF3BD}"
EndProject
Global
	GlobalSection(SolutionConfigurationPlatforms) = preSolution
		Debug|Any CPU = Debug|Any CPU
		Release|Any CPU = Release|Any CPU
	EndGlobalSection
	GlobalSection(ProjectConfigurationPlatforms) = postSolution
		{B960F54A-EB0A-4F70-9CD5-996DDC9CF3BD}.Debug|Any CPU.ActiveCfg = Debug|Any CPU
		{B960F54A-EB0A-4F70-9CD5-996DDC9CF3BD}.Debug|Any CPU.Build.0 = Debug|Any CPU
		{B960F54A-EB0A-4F70-9CD5-996DDC9CF3BD}.Release|Any CPU.ActiveCfg = Release|Any CPU
		{B960F54A-EB0A-4F70-9CD5-996DDC9CF3BD}.Release|Any CPU.Build.0 = Release|Any CPU
	EndGlobalSection
	GlobalSection(SolutionProperties) = preSolution
		HideSolutionNode = FALSE
	EndGlobalSection
	GlobalSection(ExtensibilityGlobals) = postSolution
		SolutionGuid = {BFBD5F24-F6D9-46C6-8139-2BAB38651757}
	EndGlobalSection
EndGlobal
